
Microsoft Visual Studio Solution File, Format Version 12.00
Project("{FAE04EC0-301F-11D3-BF4B-00C04F79EFBC}") = "AdventOfCode.Library", "AdventOfCode.Library\AdventOfCode.Library.csproj", "{EA209857-B637-4E70-85C9-ADA069FC88C9}"
EndProject
Global
	GlobalSection(SolutionConfigurationPlatforms) = preSolution
		Debug|Any CPU = Debug|Any CPU
		Release|Any CPU = Release|Any CPU
	EndGlobalSection
	GlobalSection(ProjectConfigurationPlatforms) = postSolution
		{EA209857-B637-4E70-85C9-ADA069FC88C9}.Debug|Any CPU.ActiveCfg = Debug|Any CPU
		{EA209857-B637-4E70-85C9-ADA069FC88C9}.Debug|Any CPU.Build.0 = Debug|Any CPU
		{EA209857-B637-4E70-85C9-ADA069FC88C9}.Release|Any CPU.ActiveCfg = Release|Any CPU
		{EA209857-B637-4E70-85C9-ADA069FC88C9}.Release|Any CPU.Build.0 = Release|Any CPU
	EndGlobalSection
EndGlobal
